{
  "name": "md2html",
  "version": "1.0.0",
  "lockfileVersion": 1,
  "requires": true,
  "dependencies": {
    "abbrev": {
      "version": "1.1.1",
      "resolved": "http://r.tnpm.oa.com/abbrev/download/abbrev-1.1.1.tgz",
      "integrity": "sha1-+PLIh60Qv2f2NPAFtph/7TF5qsg="
    },
    "markdown": {
      "version": "0.5.0",
      "resolved": "http://r.tnpm.oa.com/markdown/download/markdown-0.5.0.tgz",
      "integrity": "sha1-KCBbVlqK51kt4gdGPWY33BgnIrI=",
      "requires": {
        "nopt": "~2.1.1"
      }
    },
    "marked": {
      "version": "0.7.0",
      "resolved": "http://r.tnpm.oa.com/marked/download/marked-0.7.0.tgz",
      "integrity": "sha1-tkIB8FHScbHtwQoE0a6bdLuOXA4="
    },
    "nopt": {
      "version": "2.1.2",
      "resolved": "http://r.tnpm.oa.com/nopt/download/nopt-2.1.2.tgz",
      "integrity": "sha1-bMzZd7gBMqB3MdbozljCyDA8+a8=",
      "requires": {
        "abbrev": "1"
      }
    }
  }
}
